
Microsoft Visual Studio Solution File, Format Version 12.00
# Visual Studio Version 17
VisualStudioVersion = 17.11.35222.181
MinimumVisualStudioVersion = 10.0.40219.1
Project("{FAE04EC0-301F-11D3-BF4B-00C04F79EFBC}") = "lista6", "lista6\lista6.csproj", "{8A231AC3-E805-424E-B0FD-CC022C3E1F64}"
EndProject
Global
	GlobalSection(SolutionConfigurationPlatforms) = preSolution
		Debug|Any CPU = Debug|Any CPU
		Release|Any CPU = Release|Any CPU
	EndGlobalSection
	GlobalSection(ProjectConfigurationPlatforms) = postSolution
		{8A231AC3-E805-424E-B0FD-CC022C3E1F64}.Debug|Any CPU.ActiveCfg = Debug|Any CPU
		{8A231AC3-E805-424E-B0FD-CC022C3E1F64}.Debug|Any CPU.Build.0 = Debug|Any CPU
		{8A231AC3-E805-424E-B0FD-CC022C3E1F64}.Release|Any CPU.ActiveCfg = Release|Any CPU
		{8A231AC3-E805-424E-B0FD-CC022C3E1F64}.Release|Any CPU.Build.0 = Release|Any CPU
	EndGlobalSection
	GlobalSection(SolutionProperties) = preSolution
		HideSolutionNode = FALSE
	EndGlobalSection
	GlobalSection(ExtensibilityGlobals) = postSolution
		SolutionGuid = {80FCFDF3-E408-484A-B7EB-4F8B2B37D77E}
	EndGlobalSection
EndGlobal
